<?xml version="1.0" encoding="UTF-8"?>
<!DOCTYPE plist PUBLIC "-//Apple//DTD PLIST 1.0//EN" "http://www.apple.com/DTDs/PropertyList-1.0.dtd">
<plist version="1.0">
<dict>
	<key>archiveVersion</key>
	<string>1</string>
	<key>classes</key>
	<dict/>
	<key>objectVersion</key>
	<string>46</string>
	<key>objects</key>
	<dict>
		<key>07E9EF6C4CAC4ED68205A4A5</key>
		<dict>
			<key>buildActionMask</key>
			<string>2147483647</string>
			<key>files</key>
			<array/>
			<key>inputPaths</key>
			<array/>
			<key>isa</key>
			<string>PBXShellScriptBuildPhase</string>
			<key>name</key>
			<string>Check Pods Manifest.lock</string>
			<key>outputPaths</key>
			<array/>
			<key>runOnlyForDeploymentPostprocessing</key>
			<string>0</string>
			<key>shellPath</key>
			<string>/bin/sh</string>
			<key>shellScript</key>
			<string>diff "${PODS_ROOT}/../Podfile.lock" "${PODS_ROOT}/Manifest.lock" &gt; /dev/null
if [[ $? != 0 ]] ; then
    cat &lt;&lt; EOM
error: The sandbox is not in sync with the Podfile.lock. Run 'pod install' or update your CocoaPods installation.
EOM
    exit 1
fi
</string>
			<key>showEnvVarsInLog</key>
			<string>0</string>
		</dict>
		<key>0CE9D6DFDB1A42579095651C</key>
		<dict>
			<key>fileRef</key>
			<string>3586CB4EE3AF46C2AE0981CD</string>
			<key>isa</key>
			<string>PBXBuildFile</string>
		</dict>
		<key>3586CB4EE3AF46C2AE0981CD</key>
		<dict>
			<key>explicitFileType</key>
			<string>archive.ar</string>
			<key>includeInIndex</key>
			<string>0</string>
			<key>isa</key>
			<string>PBXFileReference</string>
			<key>path</key>
			<string>libPods-InjectorExample.a</string>
			<key>sourceTree</key>
			<string>BUILT_PRODUCTS_DIR</string>
		</dict>
		<key>73CF7579ECA9402581553448</key>
		<dict>
			<key>buildActionMask</key>
			<string>2147483647</string>
			<key>files</key>
			<array/>
			<key>inputPaths</key>
			<array/>
			<key>isa</key>
			<string>PBXShellScriptBuildPhase</string>
			<key>name</key>
			<string>Copy Pods Resources</string>
			<key>outputPaths</key>
			<array/>
			<key>runOnlyForDeploymentPostprocessing</key>
			<string>0</string>
			<key>shellPath</key>
			<string>/bin/sh</string>
			<key>shellScript</key>
			<string>"${SRCROOT}/Pods/Pods-InjectorExampleTests-resources.sh"
</string>
			<key>showEnvVarsInLog</key>
			<string>0</string>
		</dict>
		<key>950C1A6F190FEC4F008624F7</key>
		<dict>
			<key>children</key>
			<array>
				<string>950C1A81190FEC4F008624F7</string>
				<string>950C1A9A190FEC50008624F7</string>
				<string>950C1A7A190FEC4F008624F7</string>
				<string>950C1A79190FEC4F008624F7</string>
				<string>F8C398415A1A4CCCBA951106</string>
				<string>C255D387910E454DB5535C55</string>
			</array>
			<key>isa</key>
			<string>PBXGroup</string>
			<key>sourceTree</key>
			<string>&lt;group&gt;</string>
		</dict>
		<key>950C1A70190FEC4F008624F7</key>
		<dict>
			<key>attributes</key>
			<dict>
				<key>CLASSPREFIX</key>
				<string>INX</string>
				<key>LastUpgradeCheck</key>
				<string>0510</string>
				<key>ORGANIZATIONNAME</key>
				<string>epologee</string>
				<key>TargetAttributes</key>
				<dict>
					<key>950C1A92190FEC4F008624F7</key>
					<dict>
						<key>TestTargetID</key>
						<string>950C1A77190FEC4F008624F7</string>
					</dict>
				</dict>
			</dict>
			<key>buildConfigurationList</key>
			<string>950C1A73190FEC4F008624F7</string>
			<key>compatibilityVersion</key>
			<string>Xcode 3.2</string>
			<key>developmentRegion</key>
			<string>English</string>
			<key>hasScannedForEncodings</key>
			<string>0</string>
			<key>isa</key>
			<string>PBXProject</string>
			<key>knownRegions</key>
			<array>
				<string>en</string>
			</array>
			<key>mainGroup</key>
			<string>950C1A6F190FEC4F008624F7</string>
			<key>productRefGroup</key>
			<string>950C1A79190FEC4F008624F7</string>
			<key>projectDirPath</key>
			<string></string>
			<key>projectReferences</key>
			<array/>
			<key>projectRoot</key>
			<string></string>
			<key>targets</key>
			<array>
				<string>950C1A77190FEC4F008624F7</string>
				<string>950C1A92190FEC4F008624F7</string>
			</array>
		</dict>
		<key>950C1A73190FEC4F008624F7</key>
		<dict>
			<key>buildConfigurations</key>
			<array>
				<string>950C1AA2190FEC50008624F7</string>
				<string>950C1AA3190FEC50008624F7</string>
			</array>
			<key>defaultConfigurationIsVisible</key>
			<string>0</string>
			<key>defaultConfigurationName</key>
			<string>Release</string>
			<key>isa</key>
			<string>XCConfigurationList</string>
		</dict>
		<key>950C1A74190FEC4F008624F7</key>
		<dict>
			<key>buildActionMask</key>
			<string>2147483647</string>
			<key>files</key>
			<array>
				<string>950C1A8C190FEC4F008624F7</string>
				<string>950C1A88190FEC4F008624F7</string>
			</array>
			<key>isa</key>
			<string>PBXSourcesBuildPhase</string>
			<key>runOnlyForDeploymentPostprocessing</key>
			<string>0</string>
		</dict>
		<key>950C1A75190FEC4F008624F7</key>
		<dict>
			<key>buildActionMask</key>
			<string>2147483647</string>
			<key>files</key>
			<array>
				<string>950C1A7E190FEC4F008624F7</string>
				<string>950C1A80190FEC4F008624F7</string>
				<string>950C1A7C190FEC4F008624F7</string>
				<string>0CE9D6DFDB1A42579095651C</string>
			</array>
			<key>isa</key>
			<string>PBXFrameworksBuildPhase</string>
			<key>runOnlyForDeploymentPostprocessing</key>
			<string>0</string>
		</dict>
		<key>950C1A76190FEC4F008624F7</key>
		<dict>
			<key>buildActionMask</key>
			<string>2147483647</string>
			<key>files</key>
			<array>
				<string>950C1A86190FEC4F008624F7</string>
				<string>950C1A8E190FEC4F008624F7</string>
			</array>
			<key>isa</key>
			<string>PBXResourcesBuildPhase</string>
			<key>runOnlyForDeploymentPostprocessing</key>
			<string>0</string>
		</dict>
		<key>950C1A77190FEC4F008624F7</key>
		<dict>
			<key>buildConfigurationList</key>
			<string>950C1AA4190FEC50008624F7</string>
			<key>buildPhases</key>
			<array>
				<string>07E9EF6C4CAC4ED68205A4A5</string>
				<string>950C1A74190FEC4F008624F7</string>
				<string>950C1A75190FEC4F008624F7</string>
				<string>950C1A76190FEC4F008624F7</string>
				<string>BB14B9AA238B4E48BC276B08</string>
			</array>
			<key>buildRules</key>
			<array/>
			<key>dependencies</key>
			<array/>
			<key>isa</key>
			<string>PBXNativeTarget</string>
			<key>name</key>
			<string>InjectorExample</string>
			<key>productName</key>
			<string>InjectorExample</string>
			<key>productReference</key>
			<string>950C1A78190FEC4F008624F7</string>
			<key>productType</key>
			<string>com.apple.product-type.application</string>
		</dict>
		<key>950C1A78190FEC4F008624F7</key>
		<dict>
			<key>explicitFileType</key>
			<string>wrapper.application</string>
			<key>includeInIndex</key>
			<string>0</string>
			<key>isa</key>
			<string>PBXFileReference</string>
			<key>path</key>
			<string>InjectorExample.app</string>
			<key>sourceTree</key>
			<string>BUILT_PRODUCTS_DIR</string>
		</dict>
		<key>950C1A79190FEC4F008624F7</key>
		<dict>
			<key>children</key>
			<array>
				<string>950C1A78190FEC4F008624F7</string>
				<string>950C1A93190FEC4F008624F7</string>
			</array>
			<key>isa</key>
			<string>PBXGroup</string>
			<key>name</key>
			<string>Products</string>
			<key>sourceTree</key>
			<string>&lt;group&gt;</string>
		</dict>
		<key>950C1A7A190FEC4F008624F7</key>
		<dict>
			<key>children</key>
			<array>
				<string>950C1A7B190FEC4F008624F7</string>
				<string>950C1A7D190FEC4F008624F7</string>
				<string>950C1A7F190FEC4F008624F7</string>
				<string>950C1A94190FEC4F008624F7</string>
				<string>3586CB4EE3AF46C2AE0981CD</string>
				<string>AA97F7CF0B644976B02888E1</string>
			</array>
			<key>isa</key>
			<string>PBXGroup</string>
			<key>name</key>
			<string>Frameworks</string>
			<key>sourceTree</key>
			<string>&lt;group&gt;</string>
		</dict>
		<key>950C1A7B190FEC4F008624F7</key>
		<dict>
			<key>isa</key>
			<string>PBXFileReference</string>
			<key>lastKnownFileType</key>
			<string>wrapper.framework</string>
			<key>name</key>
			<string>Foundation.framework</string>
			<key>path</key>
			<string>System/Library/Frameworks/Foundation.framework</string>
			<key>sourceTree</key>
			<string>SDKROOT</string>
		</dict>
		<key>950C1A7C190FEC4F008624F7</key>
		<dict>
			<key>fileRef</key>
			<string>950C1A7B190FEC4F008624F7</string>
			<key>isa</key>
			<string>PBXBuildFile</string>
		</dict>
		<key>950C1A7D190FEC4F008624F7</key>
		<dict>
			<key>isa</key>
			<string>PBXFileReference</string>
			<key>lastKnownFileType</key>
			<string>wrapper.framework</string>
			<key>name</key>
			<string>CoreGraphics.framework</string>
			<key>path</key>
			<string>System/Library/Frameworks/CoreGraphics.framework</string>
			<key>sourceTree</key>
			<string>SDKROOT</string>
		</dict>
		<key>950C1A7E190FEC4F008624F7</key>
		<dict>
			<key>fileRef</key>
			<string>950C1A7D190FEC4F008624F7</string>
			<key>isa</key>
			<string>PBXBuildFile</string>
		</dict>
		<key>950C1A7F190FEC4F008624F7</key>
		<dict>
			<key>isa</key>
			<string>PBXFileReference</string>
			<key>lastKnownFileType</key>
			<string>wrapper.framework</string>
			<key>name</key>
			<string>UIKit.framework</string>
			<key>path</key>
			<string>System/Library/Frameworks/UIKit.framework</string>
			<key>sourceTree</key>
			<string>SDKROOT</string>
		</dict>
		<key>950C1A80190FEC4F008624F7</key>
		<dict>
			<key>fileRef</key>
			<string>950C1A7F190FEC4F008624F7</string>
			<key>isa</key>
			<string>PBXBuildFile</string>
		</dict>
		<key>950C1A81190FEC4F008624F7</key>
		<dict>
			<key>children</key>
			<array>
				<string>950C1A8A190FEC4F008624F7</string>
				<string>950C1A8B190FEC4F008624F7</string>
				<string>950C1A8D190FEC4F008624F7</string>
				<string>950C1A82190FEC4F008624F7</string>
			</array>
			<key>isa</key>
			<string>PBXGroup</string>
			<key>path</key>
			<string>InjectorExample</string>
			<key>sourceTree</key>
			<string>&lt;group&gt;</string>
		</dict>
		<key>950C1A82190FEC4F008624F7</key>
		<dict>
			<key>children</key>
			<array>
				<string>950C1A83190FEC4F008624F7</string>
				<string>950C1A84190FEC4F008624F7</string>
				<string>950C1A87190FEC4F008624F7</string>
				<string>950C1A89190FEC4F008624F7</string>
			</array>
			<key>isa</key>
			<string>PBXGroup</string>
			<key>name</key>
			<string>Supporting Files</string>
			<key>sourceTree</key>
			<string>&lt;group&gt;</string>
		</dict>
		<key>950C1A83190FEC4F008624F7</key>
		<dict>
			<key>isa</key>
			<string>PBXFileReference</string>
			<key>lastKnownFileType</key>
			<string>text.plist.xml</string>
			<key>path</key>
			<string>InjectorExample-Info.plist</string>
			<key>sourceTree</key>
			<string>&lt;group&gt;</string>
		</dict>
		<key>950C1A84190FEC4F008624F7</key>
		<dict>
			<key>children</key>
			<array>
				<string>950C1A85190FEC4F008624F7</string>
			</array>
			<key>isa</key>
			<string>PBXVariantGroup</string>
			<key>name</key>
			<string>InfoPlist.strings</string>
			<key>sourceTree</key>
			<string>&lt;group&gt;</string>
		</dict>
		<key>950C1A85190FEC4F008624F7</key>
		<dict>
			<key>isa</key>
			<string>PBXFileReference</string>
			<key>lastKnownFileType</key>
			<string>text.plist.strings</string>
			<key>name</key>
			<string>en</string>
			<key>path</key>
			<string>en.lproj/InfoPlist.strings</string>
			<key>sourceTree</key>
			<string>&lt;group&gt;</string>
		</dict>
		<key>950C1A86190FEC4F008624F7</key>
		<dict>
			<key>fileRef</key>
			<string>950C1A84190FEC4F008624F7</string>
			<key>isa</key>
			<string>PBXBuildFile</string>
		</dict>
		<key>950C1A87190FEC4F008624F7</key>
		<dict>
			<key>isa</key>
			<string>PBXFileReference</string>
			<key>lastKnownFileType</key>
			<string>sourcecode.c.objc</string>
			<key>path</key>
			<string>main.m</string>
			<key>sourceTree</key>
			<string>&lt;group&gt;</string>
		</dict>
		<key>950C1A88190FEC4F008624F7</key>
		<dict>
			<key>fileRef</key>
			<string>950C1A87190FEC4F008624F7</string>
			<key>isa</key>
			<string>PBXBuildFile</string>
		</dict>
		<key>950C1A89190FEC4F008624F7</key>
		<dict>
			<key>isa</key>
			<string>PBXFileReference</string>
			<key>lastKnownFileType</key>
			<string>sourcecode.c.h</string>
			<key>path</key>
			<string>InjectorExample-Prefix.pch</string>
			<key>sourceTree</key>
			<string>&lt;group&gt;</string>
		</dict>
		<key>950C1A8A190FEC4F008624F7</key>
		<dict>
			<key>isa</key>
			<string>PBXFileReference</string>
			<key>lastKnownFileType</key>
			<string>sourcecode.c.h</string>
			<key>path</key>
			<string>INXAppDelegate.h</string>
			<key>sourceTree</key>
			<string>&lt;group&gt;</string>
		</dict>
		<key>950C1A8B190FEC4F008624F7</key>
		<dict>
			<key>isa</key>
			<string>PBXFileReference</string>
			<key>lastKnownFileType</key>
			<string>sourcecode.c.objc</string>
			<key>path</key>
			<string>INXAppDelegate.m</string>
			<key>sourceTree</key>
			<string>&lt;group&gt;</string>
		</dict>
		<key>950C1A8C190FEC4F008624F7</key>
		<dict>
			<key>fileRef</key>
			<string>950C1A8B190FEC4F008624F7</string>
			<key>isa</key>
			<string>PBXBuildFile</string>
		</dict>
		<key>950C1A8D190FEC4F008624F7</key>
		<dict>
			<key>isa</key>
			<string>PBXFileReference</string>
			<key>lastKnownFileType</key>
			<string>folder.assetcatalog</string>
			<key>path</key>
			<string>Images.xcassets</string>
			<key>sourceTree</key>
			<string>&lt;group&gt;</string>
		</dict>
		<key>950C1A8E190FEC4F008624F7</key>
		<dict>
			<key>fileRef</key>
			<string>950C1A8D190FEC4F008624F7</string>
			<key>isa</key>
			<string>PBXBuildFile</string>
		</dict>
		<key>950C1A8F190FEC4F008624F7</key>
		<dict>
			<key>buildActionMask</key>
			<string>2147483647</string>
			<key>files</key>
			<array>
				<string>950C1AA1190FEC50008624F7</string>
			</array>
			<key>isa</key>
			<string>PBXSourcesBuildPhase</string>
			<key>runOnlyForDeploymentPostprocessing</key>
			<string>0</string>
		</dict>
		<key>950C1A90190FEC4F008624F7</key>
		<dict>
			<key>buildActionMask</key>
			<string>2147483647</string>
			<key>files</key>
			<array>
				<string>950C1A95190FEC4F008624F7</string>
				<string>950C1A97190FEC50008624F7</string>
				<string>950C1A96190FEC50008624F7</string>
				<string>AEC1F67796754B728313A59B</string>
			</array>
			<key>isa</key>
			<string>PBXFrameworksBuildPhase</string>
			<key>runOnlyForDeploymentPostprocessing</key>
			<string>0</string>
		</dict>
		<key>950C1A91190FEC4F008624F7</key>
		<dict>
			<key>buildActionMask</key>
			<string>2147483647</string>
			<key>files</key>
			<array>
				<string>950C1A9F190FEC50008624F7</string>
			</array>
			<key>isa</key>
			<string>PBXResourcesBuildPhase</string>
			<key>runOnlyForDeploymentPostprocessing</key>
			<string>0</string>
		</dict>
		<key>950C1A92190FEC4F008624F7</key>
		<dict>
			<key>buildConfigurationList</key>
			<string>950C1AA7190FEC50008624F7</string>
			<key>buildPhases</key>
			<array>
				<string>FF80F13AE4264FDD94129224</string>
				<string>950C1A8F190FEC4F008624F7</string>
				<string>950C1A90190FEC4F008624F7</string>
				<string>950C1A91190FEC4F008624F7</string>
				<string>73CF7579ECA9402581553448</string>
			</array>
			<key>buildRules</key>
			<array/>
			<key>dependencies</key>
			<array>
				<string>950C1A99190FEC50008624F7</string>
			</array>
			<key>isa</key>
			<string>PBXNativeTarget</string>
			<key>name</key>
			<string>InjectorExampleTests</string>
			<key>productName</key>
			<string>InjectorExampleTests</string>
			<key>productReference</key>
			<string>950C1A93190FEC4F008624F7</string>
			<key>productType</key>
			<string>com.apple.product-type.bundle.unit-test</string>
		</dict>
		<key>950C1A93190FEC4F008624F7</key>
		<dict>
			<key>explicitFileType</key>
			<string>wrapper.cfbundle</string>
			<key>includeInIndex</key>
			<string>0</string>
			<key>isa</key>
			<string>PBXFileReference</string>
			<key>path</key>
			<string>InjectorExampleTests.xctest</string>
			<key>sourceTree</key>
			<string>BUILT_PRODUCTS_DIR</string>
		</dict>
		<key>950C1A94190FEC4F008624F7</key>
		<dict>
			<key>isa</key>
			<string>PBXFileReference</string>
			<key>lastKnownFileType</key>
			<string>wrapper.framework</string>
			<key>name</key>
			<string>XCTest.framework</string>
			<key>path</key>
			<string>Library/Frameworks/XCTest.framework</string>
			<key>sourceTree</key>
			<string>DEVELOPER_DIR</string>
		</dict>
		<key>950C1A95190FEC4F008624F7</key>
		<dict>
			<key>fileRef</key>
			<string>950C1A94190FEC4F008624F7</string>
			<key>isa</key>
			<string>PBXBuildFile</string>
		</dict>
		<key>950C1A96190FEC50008624F7</key>
		<dict>
			<key>fileRef</key>
			<string>950C1A7B190FEC4F008624F7</string>
			<key>isa</key>
			<string>PBXBuildFile</string>
		</dict>
		<key>950C1A97190FEC50008624F7</key>
		<dict>
			<key>fileRef</key>
			<string>950C1A7F190FEC4F008624F7</string>
			<key>isa</key>
			<string>PBXBuildFile</string>
		</dict>
		<key>950C1A98190FEC50008624F7</key>
		<dict>
			<key>containerPortal</key>
			<string>950C1A70190FEC4F008624F7</string>
			<key>isa</key>
			<string>PBXContainerItemProxy</string>
			<key>proxyType</key>
			<string>1</string>
			<key>remoteGlobalIDString</key>
			<string>950C1A77190FEC4F008624F7</string>
			<key>remoteInfo</key>
			<string>InjectorExample</string>
		</dict>
		<key>950C1A99190FEC50008624F7</key>
		<dict>
			<key>isa</key>
			<string>PBXTargetDependency</string>
			<key>target</key>
			<string>950C1A77190FEC4F008624F7</string>
			<key>targetProxy</key>
			<string>950C1A98190FEC50008624F7</string>
		</dict>
		<key>950C1A9A190FEC50008624F7</key>
		<dict>
			<key>children</key>
			<array>
				<string>950C1AA0190FEC50008624F7</string>
				<string>950C1A9B190FEC50008624F7</string>
			</array>
			<key>isa</key>
			<string>PBXGroup</string>
			<key>path</key>
			<string>InjectorExampleTests</string>
			<key>sourceTree</key>
			<string>&lt;group&gt;</string>
		</dict>
		<key>950C1A9B190FEC50008624F7</key>
		<dict>
			<key>children</key>
			<array>
				<string>950C1A9C190FEC50008624F7</string>
				<string>950C1A9D190FEC50008624F7</string>
			</array>
			<key>isa</key>
			<string>PBXGroup</string>
			<key>name</key>
			<string>Supporting Files</string>
			<key>sourceTree</key>
			<string>&lt;group&gt;</string>
		</dict>
		<key>950C1A9C190FEC50008624F7</key>
		<dict>
			<key>isa</key>
			<string>PBXFileReference</string>
			<key>lastKnownFileType</key>
			<string>text.plist.xml</string>
			<key>path</key>
			<string>InjectorExampleTests-Info.plist</string>
			<key>sourceTree</key>
			<string>&lt;group&gt;</string>
		</dict>
		<key>950C1A9D190FEC50008624F7</key>
		<dict>
			<key>children</key>
			<array>
				<string>950C1A9E190FEC50008624F7</string>
			</array>
			<key>isa</key>
			<string>PBXVariantGroup</string>
			<key>name</key>
			<string>InfoPlist.strings</string>
			<key>sourceTree</key>
			<string>&lt;group&gt;</string>
		</dict>
		<key>950C1A9E190FEC50008624F7</key>
		<dict>
			<key>isa</key>
			<string>PBXFileReference</string>
			<key>lastKnownFileType</key>
			<string>text.plist.strings</string>
			<key>name</key>
			<string>en</string>
			<key>path</key>
			<string>en.lproj/InfoPlist.strings</string>
			<key>sourceTree</key>
			<string>&lt;group&gt;</string>
		</dict>
		<key>950C1A9F190FEC50008624F7</key>
		<dict>
			<key>fileRef</key>
			<string>950C1A9D190FEC50008624F7</string>
			<key>isa</key>
			<string>PBXBuildFile</string>
		</dict>
		<key>950C1AA0190FEC50008624F7</key>
		<dict>
			<key>isa</key>
			<string>PBXFileReference</string>
			<key>lastKnownFileType</key>
			<string>sourcecode.c.objc</string>
			<key>path</key>
			<string>InjectorExampleTests.m</string>
			<key>sourceTree</key>
			<string>&lt;group&gt;</string>
		</dict>
		<key>950C1AA1190FEC50008624F7</key>
		<dict>
			<key>fileRef</key>
			<string>950C1AA0190FEC50008624F7</string>
			<key>isa</key>
			<string>PBXBuildFile</string>
		</dict>
		<key>950C1AA2190FEC50008624F7</key>
		<dict>
			<key>buildSettings</key>
			<dict>
				<key>ALWAYS_SEARCH_USER_PATHS</key>
				<string>NO</string>
				<key>CLANG_CXX_LANGUAGE_STANDARD</key>
				<string>gnu++0x</string>
				<key>CLANG_CXX_LIBRARY</key>
				<string>libc++</string>
				<key>CLANG_ENABLE_MODULES</key>
				<string>YES</string>
				<key>CLANG_ENABLE_OBJC_ARC</key>
				<string>YES</string>
				<key>CLANG_WARN_BOOL_CONVERSION</key>
				<string>YES</string>
				<key>CLANG_WARN_CONSTANT_CONVERSION</key>
				<string>YES</string>
				<key>CLANG_WARN_DIRECT_OBJC_ISA_USAGE</key>
				<string>YES_ERROR</string>
				<key>CLANG_WARN_EMPTY_BODY</key>
				<string>YES</string>
				<key>CLANG_WARN_ENUM_CONVERSION</key>
				<string>YES</string>
				<key>CLANG_WARN_INT_CONVERSION</key>
				<string>YES</string>
				<key>CLANG_WARN_OBJC_ROOT_CLASS</key>
				<string>YES_ERROR</string>
				<key>CLANG_WARN__DUPLICATE_METHOD_MATCH</key>
				<string>YES</string>
				<key>CODE_SIGN_IDENTITY[sdk=iphoneos*]</key>
				<string>iPhone Developer</string>
				<key>COPY_PHASE_STRIP</key>
				<string>NO</string>
				<key>GCC_C_LANGUAGE_STANDARD</key>
				<string>gnu99</string>
				<key>GCC_DYNAMIC_NO_PIC</key>
				<string>NO</string>
				<key>GCC_OPTIMIZATION_LEVEL</key>
				<string>0</string>
				<key>GCC_PREPROCESSOR_DEFINITIONS</key>
				<array>
					<string>DEBUG=1</string>
					<string>$(inherited)</string>
				</array>
				<key>GCC_SYMBOLS_PRIVATE_EXTERN</key>
				<string>NO</string>
				<key>GCC_WARN_64_TO_32_BIT_CONVERSION</key>
				<string>YES</string>
				<key>GCC_WARN_ABOUT_RETURN_TYPE</key>
				<string>YES_ERROR</string>
				<key>GCC_WARN_UNDECLARED_SELECTOR</key>
				<string>YES</string>
				<key>GCC_WARN_UNINITIALIZED_AUTOS</key>
				<string>YES_AGGRESSIVE</string>
				<key>GCC_WARN_UNUSED_FUNCTION</key>
				<string>YES</string>
				<key>GCC_WARN_UNUSED_VARIABLE</key>
				<string>YES</string>
				<key>IPHONEOS_DEPLOYMENT_TARGET</key>
				<string>7.1</string>
				<key>ONLY_ACTIVE_ARCH</key>
				<string>YES</string>
				<key>SDKROOT</key>
				<string>iphoneos</string>
			</dict>
			<key>isa</key>
			<string>XCBuildConfiguration</string>
			<key>name</key>
			<string>Debug</string>
		</dict>
		<key>950C1AA3190FEC50008624F7</key>
		<dict>
			<key>buildSettings</key>
			<dict>
				<key>ALWAYS_SEARCH_USER_PATHS</key>
				<string>NO</string>
				<key>CLANG_CXX_LANGUAGE_STANDARD</key>
				<string>gnu++0x</string>
				<key>CLANG_CXX_LIBRARY</key>
				<string>libc++</string>
				<key>CLANG_ENABLE_MODULES</key>
				<string>YES</string>
				<key>CLANG_ENABLE_OBJC_ARC</key>
				<string>YES</string>
				<key>CLANG_WARN_BOOL_CONVERSION</key>
				<string>YES</string>
				<key>CLANG_WARN_CONSTANT_CONVERSION</key>
				<string>YES</string>
				<key>CLANG_WARN_DIRECT_OBJC_ISA_USAGE</key>
				<string>YES_ERROR</string>
				<key>CLANG_WARN_EMPTY_BODY</key>
				<string>YES</string>
				<key>CLANG_WARN_ENUM_CONVERSION</key>
				<string>YES</string>
				<key>CLANG_WARN_INT_CONVERSION</key>
				<string>YES</string>
				<key>CLANG_WARN_OBJC_ROOT_CLASS</key>
				<string>YES_ERROR</string>
				<key>CLANG_WARN__DUPLICATE_METHOD_MATCH</key>
				<string>YES</string>
				<key>CODE_SIGN_IDENTITY[sdk=iphoneos*]</key>
				<string>iPhone Developer</string>
				<key>COPY_PHASE_STRIP</key>
				<string>YES</string>
				<key>ENABLE_NS_ASSERTIONS</key>
				<string>NO</string>
				<key>GCC_C_LANGUAGE_STANDARD</key>
				<string>gnu99</string>
				<key>GCC_WARN_64_TO_32_BIT_CONVERSION</key>
				<string>YES</string>
				<key>GCC_WARN_ABOUT_RETURN_TYPE</key>
				<string>YES_ERROR</string>
				<key>GCC_WARN_UNDECLARED_SELECTOR</key>
				<string>YES</string>
				<key>GCC_WARN_UNINITIALIZED_AUTOS</key>
				<string>YES_AGGRESSIVE</string>
				<key>GCC_WARN_UNUSED_FUNCTION</key>
				<string>YES</string>
				<key>GCC_WARN_UNUSED_VARIABLE</key>
				<string>YES</string>
				<key>IPHONEOS_DEPLOYMENT_TARGET</key>
				<string>7.1</string>
				<key>SDKROOT</key>
				<string>iphoneos</string>
				<key>VALIDATE_PRODUCT</key>
				<string>YES</string>
			</dict>
			<key>isa</key>
			<string>XCBuildConfiguration</string>
			<key>name</key>
			<string>Release</string>
		</dict>
		<key>950C1AA4190FEC50008624F7</key>
		<dict>
			<key>buildConfigurations</key>
			<array>
				<string>950C1AA5190FEC50008624F7</string>
				<string>950C1AA6190FEC50008624F7</string>
			</array>
			<key>defaultConfigurationIsVisible</key>
			<string>0</string>
			<key>isa</key>
			<string>XCConfigurationList</string>
		</dict>
		<key>950C1AA5190FEC50008624F7</key>
		<dict>
			<key>baseConfigurationReference</key>
			<string>F8C398415A1A4CCCBA951106</string>
			<key>buildSettings</key>
			<dict>
				<key>ASSETCATALOG_COMPILER_APPICON_NAME</key>
				<string>AppIcon</string>
				<key>ASSETCATALOG_COMPILER_LAUNCHIMAGE_NAME</key>
				<string>LaunchImage</string>
				<key>GCC_PRECOMPILE_PREFIX_HEADER</key>
				<string>YES</string>
				<key>GCC_PREFIX_HEADER</key>
				<string>InjectorExample/InjectorExample-Prefix.pch</string>
				<key>INFOPLIST_FILE</key>
				<string>InjectorExample/InjectorExample-Info.plist</string>
				<key>PRODUCT_NAME</key>
				<string>$(TARGET_NAME)</string>
				<key>WRAPPER_EXTENSION</key>
				<string>app</string>
			</dict>
			<key>isa</key>
			<string>XCBuildConfiguration</string>
			<key>name</key>
			<string>Debug</string>
		</dict>
		<key>950C1AA6190FEC50008624F7</key>
		<dict>
			<key>baseConfigurationReference</key>
			<string>F8C398415A1A4CCCBA951106</string>
			<key>buildSettings</key>
			<dict>
				<key>ASSETCATALOG_COMPILER_APPICON_NAME</key>
				<string>AppIcon</string>
				<key>ASSETCATALOG_COMPILER_LAUNCHIMAGE_NAME</key>
				<string>LaunchImage</string>
				<key>GCC_PRECOMPILE_PREFIX_HEADER</key>
				<string>YES</string>
				<key>GCC_PREFIX_HEADER</key>
				<string>InjectorExample/InjectorExample-Prefix.pch</string>
				<key>INFOPLIST_FILE</key>
				<string>InjectorExample/InjectorExample-Info.plist</string>
				<key>PRODUCT_NAME</key>
				<string>$(TARGET_NAME)</string>
				<key>WRAPPER_EXTENSION</key>
				<string>app</string>
			</dict>
			<key>isa</key>
			<string>XCBuildConfiguration</string>
			<key>name</key>
			<string>Release</string>
		</dict>
		<key>950C1AA7190FEC50008624F7</key>
		<dict>
			<key>buildConfigurations</key>
			<array>
				<string>950C1AA8190FEC50008624F7</string>
				<string>950C1AA9190FEC50008624F7</string>
			</array>
			<key>defaultConfigurationIsVisible</key>
			<string>0</string>
			<key>isa</key>
			<string>XCConfigurationList</string>
		</dict>
		<key>950C1AA8190FEC50008624F7</key>
		<dict>
			<key>baseConfigurationReference</key>
			<string>C255D387910E454DB5535C55</string>
			<key>buildSettings</key>
			<dict>
				<key>BUNDLE_LOADER</key>
				<string>$(BUILT_PRODUCTS_DIR)/InjectorExample.app/InjectorExample</string>
				<key>FRAMEWORK_SEARCH_PATHS</key>
				<array>
					<string>$(SDKROOT)/Developer/Library/Frameworks</string>
					<string>$(inherited)</string>
					<string>$(DEVELOPER_FRAMEWORKS_DIR)</string>
				</array>
				<key>GCC_PRECOMPILE_PREFIX_HEADER</key>
				<string>YES</string>
				<key>GCC_PREFIX_HEADER</key>
				<string>InjectorExample/InjectorExample-Prefix.pch</string>
				<key>GCC_PREPROCESSOR_DEFINITIONS</key>
				<array>
					<string>DEBUG=1</string>
					<string>$(inherited)</string>
				</array>
				<key>INFOPLIST_FILE</key>
				<string>InjectorExampleTests/InjectorExampleTests-Info.plist</string>
				<key>PRODUCT_NAME</key>
				<string>$(TARGET_NAME)</string>
				<key>TEST_HOST</key>
				<string>$(BUNDLE_LOADER)</string>
				<key>WRAPPER_EXTENSION</key>
				<string>xctest</string>
			</dict>
			<key>isa</key>
			<string>XCBuildConfiguration</string>
			<key>name</key>
			<string>Debug</string>
		</dict>
		<key>950C1AA9190FEC50008624F7</key>
		<dict>
			<key>baseConfigurationReference</key>
			<string>C255D387910E454DB5535C55</string>
			<key>buildSettings</key>
			<dict>
				<key>BUNDLE_LOADER</key>
				<string>$(BUILT_PRODUCTS_DIR)/InjectorExample.app/InjectorExample</string>
				<key>FRAMEWORK_SEARCH_PATHS</key>
				<array>
					<string>$(SDKROOT)/Developer/Library/Frameworks</string>
					<string>$(inherited)</string>
					<string>$(DEVELOPER_FRAMEWORKS_DIR)</string>
				</array>
				<key>GCC_PRECOMPILE_PREFIX_HEADER</key>
				<string>YES</string>
				<key>GCC_PREFIX_HEADER</key>
				<string>InjectorExample/InjectorExample-Prefix.pch</string>
				<key>INFOPLIST_FILE</key>
				<string>InjectorExampleTests/InjectorExampleTests-Info.plist</string>
				<key>PRODUCT_NAME</key>
				<string>$(TARGET_NAME)</string>
				<key>TEST_HOST</key>
				<string>$(BUNDLE_LOADER)</string>
				<key>WRAPPER_EXTENSION</key>
				<string>xctest</string>
			</dict>
			<key>isa</key>
			<string>XCBuildConfiguration</string>
			<key>name</key>
			<string>Release</string>
		</dict>
		<key>AA97F7CF0B644976B02888E1</key>
		<dict>
			<key>explicitFileType</key>
			<string>archive.ar</string>
			<key>includeInIndex</key>
			<string>0</string>
			<key>isa</key>
			<string>PBXFileReference</string>
			<key>path</key>
			<string>libPods-InjectorExampleTests.a</string>
			<key>sourceTree</key>
			<string>BUILT_PRODUCTS_DIR</string>
		</dict>
		<key>AEC1F67796754B728313A59B</key>
		<dict>
			<key>fileRef</key>
			<string>AA97F7CF0B644976B02888E1</string>
			<key>isa</key>
			<string>PBXBuildFile</string>
		</dict>
		<key>BB14B9AA238B4E48BC276B08</key>
		<dict>
			<key>buildActionMask</key>
			<string>2147483647</string>
			<key>files</key>
			<array/>
			<key>inputPaths</key>
			<array/>
			<key>isa</key>
			<string>PBXShellScriptBuildPhase</string>
			<key>name</key>
			<string>Copy Pods Resources</string>
			<key>outputPaths</key>
			<array/>
			<key>runOnlyForDeploymentPostprocessing</key>
			<string>0</string>
			<key>shellPath</key>
			<string>/bin/sh</string>
			<key>shellScript</key>
			<string>"${SRCROOT}/Pods/Pods-InjectorExample-resources.sh"
</string>
			<key>showEnvVarsInLog</key>
			<string>0</string>
		</dict>
		<key>C255D387910E454DB5535C55</key>
		<dict>
			<key>includeInIndex</key>
			<string>1</string>
			<key>isa</key>
			<string>PBXFileReference</string>
			<key>lastKnownFileType</key>
			<string>text.xcconfig</string>
			<key>name</key>
			<string>Pods-InjectorExampleTests.xcconfig</string>
			<key>path</key>
			<string>Pods/Pods-InjectorExampleTests.xcconfig</string>
			<key>sourceTree</key>
			<string>&lt;group&gt;</string>
		</dict>
		<key>F8C398415A1A4CCCBA951106</key>
		<dict>
			<key>includeInIndex</key>
			<string>1</string>
			<key>isa</key>
			<string>PBXFileReference</string>
			<key>lastKnownFileType</key>
			<string>text.xcconfig</string>
			<key>name</key>
			<string>Pods-InjectorExample.xcconfig</string>
			<key>path</key>
			<string>Pods/Pods-InjectorExample.xcconfig</string>
			<key>sourceTree</key>
			<string>&lt;group&gt;</string>
		</dict>
		<key>FF80F13AE4264FDD94129224</key>
		<dict>
			<key>buildActionMask</key>
			<string>2147483647</string>
			<key>files</key>
			<array/>
			<key>inputPaths</key>
			<array/>
			<key>isa</key>
			<string>PBXShellScriptBuildPhase</string>
			<key>name</key>
			<string>Check Pods Manifest.lock</string>
			<key>outputPaths</key>
			<array/>
			<key>runOnlyForDeploymentPostprocessing</key>
			<string>0</string>
			<key>shellPath</key>
			<string>/bin/sh</string>
			<key>shellScript</key>
			<string>diff "${PODS_ROOT}/../Podfile.lock" "${PODS_ROOT}/Manifest.lock" &gt; /dev/null
if [[ $? != 0 ]] ; then
    cat &lt;&lt; EOM
error: The sandbox is not in sync with the Podfile.lock. Run 'pod install' or update your CocoaPods installation.
EOM
    exit 1
fi
</string>
			<key>showEnvVarsInLog</key>
			<string>0</string>
		</dict>
	</dict>
	<key>rootObject</key>
	<string>950C1A70190FEC4F008624F7</string>
</dict>
</plist>
