// !$*UTF8*$!
{
	archiveVersion = 1;
	classes = {
	};
	objectVersion = 46;
	objects = {

/* Begin PBXBuildFile section */
		95401063188FA61A00A7BD7F /* Foundation.framework in Frameworks */ = {isa = PBXBuildFile; fileRef = 95401062188FA61A00A7BD7F /* Foundation.framework */; };
		95401068188FA61A00A7BD7F /* EEEInjector.h in CopyFiles */ = {isa = PBXBuildFile; fileRef = 95401067188FA61A00A7BD7F /* EEEInjector.h */; };
		9540106A188FA61A00A7BD7F /* EEEInjector.m in Sources */ = {isa = PBXBuildFile; fileRef = 95401069188FA61A00A7BD7F /* EEEInjector.m */; };
		95401071188FA61A00A7BD7F /* XCTest.framework in Frameworks */ = {isa = PBXBuildFile; fileRef = 95401070188FA61A00A7BD7F /* XCTest.framework */; };
		95401072188FA61A00A7BD7F /* Foundation.framework in Frameworks */ = {isa = PBXBuildFile; fileRef = 95401062188FA61A00A7BD7F /* Foundation.framework */; };
		95401074188FA61A00A7BD7F /* UIKit.framework in Frameworks */ = {isa = PBXBuildFile; fileRef = 95401073188FA61A00A7BD7F /* UIKit.framework */; };
		95401077188FA61A00A7BD7F /* libEEEInjector.a in Frameworks */ = {isa = PBXBuildFile; fileRef = 9540105F188FA61A00A7BD7F /* libEEEInjector.a */; };
		9540107D188FA61A00A7BD7F /* InfoPlist.strings in Resources */ = {isa = PBXBuildFile; fileRef = 9540107B188FA61A00A7BD7F /* InfoPlist.strings */; };
		9540107F188FA61A00A7BD7F /* EEEInjectorTests.m in Sources */ = {isa = PBXBuildFile; fileRef = 9540107E188FA61A00A7BD7F /* EEEInjectorTests.m */; };
/* End PBXBuildFile section */

/* Begin PBXContainerItemProxy section */
		95401075188FA61A00A7BD7F /* PBXContainerItemProxy */ = {
			isa = PBXContainerItemProxy;
			containerPortal = 95401057188FA61A00A7BD7F /* Project object */;
			proxyType = 1;
			remoteGlobalIDString = 9540105E188FA61A00A7BD7F;
			remoteInfo = EEEInjector;
		};
/* End PBXContainerItemProxy section */

/* Begin PBXCopyFilesBuildPhase section */
		9540105D188FA61A00A7BD7F /* CopyFiles */ = {
			isa = PBXCopyFilesBuildPhase;
			buildActionMask = 2147483647;
			dstPath = "include/$(PRODUCT_NAME)";
			dstSubfolderSpec = 16;
			files = (
				95401068188FA61A00A7BD7F /* EEEInjector.h in CopyFiles */,
			);
			runOnlyForDeploymentPostprocessing = 0;
		};
/* End PBXCopyFilesBuildPhase section */

/* Begin PBXFileReference section */
		9540105F188FA61A00A7BD7F /* libEEEInjector.a */ = {isa = PBXFileReference; explicitFileType = archive.ar; includeInIndex = 0; path = libEEEInjector.a; sourceTree = BUILT_PRODUCTS_DIR; };
		95401062188FA61A00A7BD7F /* Foundation.framework */ = {isa = PBXFileReference; lastKnownFileType = wrapper.framework; name = Foundation.framework; path = System/Library/Frameworks/Foundation.framework; sourceTree = SDKROOT; };
		95401066188FA61A00A7BD7F /* EEEInjector-Prefix.pch */ = {isa = PBXFileReference; lastKnownFileType = sourcecode.c.h; path = "EEEInjector-Prefix.pch"; sourceTree = "<group>"; };
		95401067188FA61A00A7BD7F /* EEEInjector.h */ = {isa = PBXFileReference; lastKnownFileType = sourcecode.c.h; path = EEEInjector.h; sourceTree = "<group>"; };
		95401069188FA61A00A7BD7F /* EEEInjector.m */ = {isa = PBXFileReference; lastKnownFileType = sourcecode.c.objc; path = EEEInjector.m; sourceTree = "<group>"; };
		9540106F188FA61A00A7BD7F /* EEEInjectorTests.xctest */ = {isa = PBXFileReference; explicitFileType = wrapper.cfbundle; includeInIndex = 0; path = EEEInjectorTests.xctest; sourceTree = BUILT_PRODUCTS_DIR; };
		95401070188FA61A00A7BD7F /* XCTest.framework */ = {isa = PBXFileReference; lastKnownFileType = wrapper.framework; name = XCTest.framework; path = Library/Frameworks/XCTest.framework; sourceTree = DEVELOPER_DIR; };
		95401073188FA61A00A7BD7F /* UIKit.framework */ = {isa = PBXFileReference; lastKnownFileType = wrapper.framework; name = UIKit.framework; path = Library/Frameworks/UIKit.framework; sourceTree = DEVELOPER_DIR; };
		9540107A188FA61A00A7BD7F /* EEEInjectorTests-Info.plist */ = {isa = PBXFileReference; lastKnownFileType = text.plist.xml; path = "EEEInjectorTests-Info.plist"; sourceTree = "<group>"; };
		9540107C188FA61A00A7BD7F /* en */ = {isa = PBXFileReference; lastKnownFileType = text.plist.strings; name = en; path = en.lproj/InfoPlist.strings; sourceTree = "<group>"; };
		9540107E188FA61A00A7BD7F /* EEEInjectorTests.m */ = {isa = PBXFileReference; lastKnownFileType = sourcecode.c.objc; path = EEEInjectorTests.m; sourceTree = "<group>"; };
/* End PBXFileReference section */

/* Begin PBXFrameworksBuildPhase section */
		9540105C188FA61A00A7BD7F /* Frameworks */ = {
			isa = PBXFrameworksBuildPhase;
			buildActionMask = 2147483647;
			files = (
				95401063188FA61A00A7BD7F /* Foundation.framework in Frameworks */,
			);
			runOnlyForDeploymentPostprocessing = 0;
		};
		9540106C188FA61A00A7BD7F /* Frameworks */ = {
			isa = PBXFrameworksBuildPhase;
			buildActionMask = 2147483647;
			files = (
				95401071188FA61A00A7BD7F /* XCTest.framework in Frameworks */,
				95401074188FA61A00A7BD7F /* UIKit.framework in Frameworks */,
				95401072188FA61A00A7BD7F /* Foundation.framework in Frameworks */,
				95401077188FA61A00A7BD7F /* libEEEInjector.a in Frameworks */,
			);
			runOnlyForDeploymentPostprocessing = 0;
		};
/* End PBXFrameworksBuildPhase section */

/* Begin PBXGroup section */
		95401056188FA61A00A7BD7F = {
			isa = PBXGroup;
			children = (
				95401064188FA61A00A7BD7F /* EEEInjector */,
				95401078188FA61A00A7BD7F /* EEEInjectorTests */,
				95401061188FA61A00A7BD7F /* Frameworks */,
				95401060188FA61A00A7BD7F /* Products */,
			);
			sourceTree = "<group>";
		};
		95401060188FA61A00A7BD7F /* Products */ = {
			isa = PBXGroup;
			children = (
				9540105F188FA61A00A7BD7F /* libEEEInjector.a */,
				9540106F188FA61A00A7BD7F /* EEEInjectorTests.xctest */,
			);
			name = Products;
			sourceTree = "<group>";
		};
		95401061188FA61A00A7BD7F /* Frameworks */ = {
			isa = PBXGroup;
			children = (
				95401062188FA61A00A7BD7F /* Foundation.framework */,
				95401070188FA61A00A7BD7F /* XCTest.framework */,
				95401073188FA61A00A7BD7F /* UIKit.framework */,
			);
			name = Frameworks;
			sourceTree = "<group>";
		};
		95401064188FA61A00A7BD7F /* EEEInjector */ = {
			isa = PBXGroup;
			children = (
				95401067188FA61A00A7BD7F /* EEEInjector.h */,
				95401069188FA61A00A7BD7F /* EEEInjector.m */,
				95401065188FA61A00A7BD7F /* Supporting Files */,
			);
			path = EEEInjector;
			sourceTree = "<group>";
		};
		95401065188FA61A00A7BD7F /* Supporting Files */ = {
			isa = PBXGroup;
			children = (
				95401066188FA61A00A7BD7F /* EEEInjector-Prefix.pch */,
			);
			name = "Supporting Files";
			sourceTree = "<group>";
		};
		95401078188FA61A00A7BD7F /* EEEInjectorTests */ = {
			isa = PBXGroup;
			children = (
				9540107E188FA61A00A7BD7F /* EEEInjectorTests.m */,
				95401079188FA61A00A7BD7F /* Supporting Files */,
			);
			path = EEEInjectorTests;
			sourceTree = "<group>";
		};
		95401079188FA61A00A7BD7F /* Supporting Files */ = {
			isa = PBXGroup;
			children = (
				9540107A188FA61A00A7BD7F /* EEEInjectorTests-Info.plist */,
				9540107B188FA61A00A7BD7F /* InfoPlist.strings */,
			);
			name = "Supporting Files";
			sourceTree = "<group>";
		};
/* End PBXGroup section */

/* Begin PBXNativeTarget section */
		9540105E188FA61A00A7BD7F /* EEEInjector */ = {
			isa = PBXNativeTarget;
			buildConfigurationList = 95401082188FA61A00A7BD7F /* Build configuration list for PBXNativeTarget "EEEInjector" */;
			buildPhases = (
				9540105B188FA61A00A7BD7F /* Sources */,
				9540105C188FA61A00A7BD7F /* Frameworks */,
				9540105D188FA61A00A7BD7F /* CopyFiles */,
			);
			buildRules = (
			);
			dependencies = (
			);
			name = EEEInjector;
			productName = EEEInjector;
			productReference = 9540105F188FA61A00A7BD7F /* libEEEInjector.a */;
			productType = "com.apple.product-type.library.static";
		};
		9540106E188FA61A00A7BD7F /* EEEInjectorTests */ = {
			isa = PBXNativeTarget;
			buildConfigurationList = 95401085188FA61A00A7BD7F /* Build configuration list for PBXNativeTarget "EEEInjectorTests" */;
			buildPhases = (
				9540106B188FA61A00A7BD7F /* Sources */,
				9540106C188FA61A00A7BD7F /* Frameworks */,
				9540106D188FA61A00A7BD7F /* Resources */,
			);
			buildRules = (
			);
			dependencies = (
				95401076188FA61A00A7BD7F /* PBXTargetDependency */,
			);
			name = EEEInjectorTests;
			productName = EEEInjectorTests;
			productReference = 9540106F188FA61A00A7BD7F /* EEEInjectorTests.xctest */;
			productType = "com.apple.product-type.bundle.unit-test";
		};
/* End PBXNativeTarget section */

/* Begin PBXProject section */
		95401057188FA61A00A7BD7F /* Project object */ = {
			isa = PBXProject;
			attributes = {
				LastUpgradeCheck = 0500;
				ORGANIZATIONNAME = epologee;
			};
			buildConfigurationList = 9540105A188FA61A00A7BD7F /* Build configuration list for PBXProject "EEEInjector" */;
			compatibilityVersion = "Xcode 3.2";
			developmentRegion = English;
			hasScannedForEncodings = 0;
			knownRegions = (
				en,
			);
			mainGroup = 95401056188FA61A00A7BD7F;
			productRefGroup = 95401060188FA61A00A7BD7F /* Products */;
			projectDirPath = "";
			projectRoot = "";
			targets = (
				9540105E188FA61A00A7BD7F /* EEEInjector */,
				9540106E188FA61A00A7BD7F /* EEEInjectorTests */,
			);
		};
/* End PBXProject section */

/* Begin PBXResourcesBuildPhase section */
		9540106D188FA61A00A7BD7F /* Resources */ = {
			isa = PBXResourcesBuildPhase;
			buildActionMask = 2147483647;
			files = (
				9540107D188FA61A00A7BD7F /* InfoPlist.strings in Resources */,
			);
			runOnlyForDeploymentPostprocessing = 0;
		};
/* End PBXResourcesBuildPhase section */

/* Begin PBXSourcesBuildPhase section */
		9540105B188FA61A00A7BD7F /* Sources */ = {
			isa = PBXSourcesBuildPhase;
			buildActionMask = 2147483647;
			files = (
				9540106A188FA61A00A7BD7F /* EEEInjector.m in Sources */,
			);
			runOnlyForDeploymentPostprocessing = 0;
		};
		9540106B188FA61A00A7BD7F /* Sources */ = {
			isa = PBXSourcesBuildPhase;
			buildActionMask = 2147483647;
			files = (
				9540107F188FA61A00A7BD7F /* EEEInjectorTests.m in Sources */,
			);
			runOnlyForDeploymentPostprocessing = 0;
		};
/* End PBXSourcesBuildPhase section */

/* Begin PBXTargetDependency section */
		95401076188FA61A00A7BD7F /* PBXTargetDependency */ = {
			isa = PBXTargetDependency;
			target = 9540105E188FA61A00A7BD7F /* EEEInjector */;
			targetProxy = 95401075188FA61A00A7BD7F /* PBXContainerItemProxy */;
		};
/* End PBXTargetDependency section */

/* Begin PBXVariantGroup section */
		9540107B188FA61A00A7BD7F /* InfoPlist.strings */ = {
			isa = PBXVariantGroup;
			children = (
				9540107C188FA61A00A7BD7F /* en */,
			);
			name = InfoPlist.strings;
			sourceTree = "<group>";
		};
/* End PBXVariantGroup section */

/* Begin XCBuildConfiguration section */
		95401080188FA61A00A7BD7F /* Debug */ = {
			isa = XCBuildConfiguration;
			buildSettings = {
				ALWAYS_SEARCH_USER_PATHS = NO;
				ARCHS = "$(ARCHS_STANDARD_INCLUDING_64_BIT)";
				CLANG_CXX_LANGUAGE_STANDARD = "gnu++0x";
				CLANG_CXX_LIBRARY = "libc++";
				CLANG_ENABLE_MODULES = YES;
				CLANG_ENABLE_OBJC_ARC = YES;
				CLANG_WARN_BOOL_CONVERSION = YES;
				CLANG_WARN_CONSTANT_CONVERSION = YES;
				CLANG_WARN_DIRECT_OBJC_ISA_USAGE = YES_ERROR;
				CLANG_WARN_EMPTY_BODY = YES;
				CLANG_WARN_ENUM_CONVERSION = YES;
				CLANG_WARN_INT_CONVERSION = YES;
				CLANG_WARN_OBJC_ROOT_CLASS = YES_ERROR;
				CLANG_WARN__DUPLICATE_METHOD_MATCH = YES;
				COPY_PHASE_STRIP = NO;
				GCC_C_LANGUAGE_STANDARD = gnu99;
				GCC_DYNAMIC_NO_PIC = NO;
				GCC_OPTIMIZATION_LEVEL = 0;
				GCC_PREPROCESSOR_DEFINITIONS = (
					"DEBUG=1",
					"$(inherited)",
				);
				GCC_SYMBOLS_PRIVATE_EXTERN = NO;
				GCC_WARN_64_TO_32_BIT_CONVERSION = YES;
				GCC_WARN_ABOUT_RETURN_TYPE = YES_ERROR;
				GCC_WARN_UNDECLARED_SELECTOR = YES;
				GCC_WARN_UNINITIALIZED_AUTOS = YES;
				GCC_WARN_UNUSED_FUNCTION = YES;
				GCC_WARN_UNUSED_VARIABLE = YES;
				IPHONEOS_DEPLOYMENT_TARGET = 7.0;
				ONLY_ACTIVE_ARCH = YES;
				SDKROOT = iphoneos;
			};
			name = Debug;
		};
		95401081188FA61A00A7BD7F /* Release */ = {
			isa = XCBuildConfiguration;
			buildSettings = {
				ALWAYS_SEARCH_USER_PATHS = NO;
				ARCHS = "$(ARCHS_STANDARD_INCLUDING_64_BIT)";
				CLANG_CXX_LANGUAGE_STANDARD = "gnu++0x";
				CLANG_CXX_LIBRARY = "libc++";
				CLANG_ENABLE_MODULES = YES;
				CLANG_ENABLE_OBJC_ARC = YES;
				CLANG_WARN_BOOL_CONVERSION = YES;
				CLANG_WARN_CONSTANT_CONVERSION = YES;
				CLANG_WARN_DIRECT_OBJC_ISA_USAGE = YES_ERROR;
				CLANG_WARN_EMPTY_BODY = YES;
				CLANG_WARN_ENUM_CONVERSION = YES;
				CLANG_WARN_INT_CONVERSION = YES;
				CLANG_WARN_OBJC_ROOT_CLASS = YES_ERROR;
				CLANG_WARN__DUPLICATE_METHOD_MATCH = YES;
				COPY_PHASE_STRIP = YES;
				ENABLE_NS_ASSERTIONS = NO;
				GCC_C_LANGUAGE_STANDARD = gnu99;
				GCC_WARN_64_TO_32_BIT_CONVERSION = YES;
				GCC_WARN_ABOUT_RETURN_TYPE = YES_ERROR;
				GCC_WARN_UNDECLARED_SELECTOR = YES;
				GCC_WARN_UNINITIALIZED_AUTOS = YES;
				GCC_WARN_UNUSED_FUNCTION = YES;
				GCC_WARN_UNUSED_VARIABLE = YES;
				IPHONEOS_DEPLOYMENT_TARGET = 7.0;
				SDKROOT = iphoneos;
				VALIDATE_PRODUCT = YES;
			};
			name = Release;
		};
		95401083188FA61A00A7BD7F /* Debug */ = {
			isa = XCBuildConfiguration;
			buildSettings = {
				DSTROOT = /tmp/EEEInjector.dst;
				GCC_PRECOMPILE_PREFIX_HEADER = YES;
				GCC_PREFIX_HEADER = "EEEInjector/EEEInjector-Prefix.pch";
				OTHER_LDFLAGS = "-ObjC";
				PRODUCT_NAME = "$(TARGET_NAME)";
				SKIP_INSTALL = YES;
			};
			name = Debug;
		};
		95401084188FA61A00A7BD7F /* Release */ = {
			isa = XCBuildConfiguration;
			buildSettings = {
				DSTROOT = /tmp/EEEInjector.dst;
				GCC_PRECOMPILE_PREFIX_HEADER = YES;
				GCC_PREFIX_HEADER = "EEEInjector/EEEInjector-Prefix.pch";
				OTHER_LDFLAGS = "-ObjC";
				PRODUCT_NAME = "$(TARGET_NAME)";
				SKIP_INSTALL = YES;
			};
			name = Release;
		};
		95401086188FA61A00A7BD7F /* Debug */ = {
			isa = XCBuildConfiguration;
			buildSettings = {
				ARCHS = "$(ARCHS_STANDARD_INCLUDING_64_BIT)";
				FRAMEWORK_SEARCH_PATHS = (
					"$(SDKROOT)/Developer/Library/Frameworks",
					"$(inherited)",
					"$(DEVELOPER_FRAMEWORKS_DIR)",
				);
				GCC_PRECOMPILE_PREFIX_HEADER = YES;
				GCC_PREFIX_HEADER = "EEEInjector/EEEInjector-Prefix.pch";
				GCC_PREPROCESSOR_DEFINITIONS = (
					"DEBUG=1",
					"$(inherited)",
				);
				INFOPLIST_FILE = "EEEInjectorTests/EEEInjectorTests-Info.plist";
				PRODUCT_NAME = "$(TARGET_NAME)";
				WRAPPER_EXTENSION = xctest;
			};
			name = Debug;
		};
		95401087188FA61A00A7BD7F /* Release */ = {
			isa = XCBuildConfiguration;
			buildSettings = {
				ARCHS = "$(ARCHS_STANDARD_INCLUDING_64_BIT)";
				FRAMEWORK_SEARCH_PATHS = (
					"$(SDKROOT)/Developer/Library/Frameworks",
					"$(inherited)",
					"$(DEVELOPER_FRAMEWORKS_DIR)",
				);
				GCC_PRECOMPILE_PREFIX_HEADER = YES;
				GCC_PREFIX_HEADER = "EEEInjector/EEEInjector-Prefix.pch";
				INFOPLIST_FILE = "EEEInjectorTests/EEEInjectorTests-Info.plist";
				PRODUCT_NAME = "$(TARGET_NAME)";
				WRAPPER_EXTENSION = xctest;
			};
			name = Release;
		};
/* End XCBuildConfiguration section */

/* Begin XCConfigurationList section */
		9540105A188FA61A00A7BD7F /* Build configuration list for PBXProject "EEEInjector" */ = {
			isa = XCConfigurationList;
			buildConfigurations = (
				95401080188FA61A00A7BD7F /* Debug */,
				95401081188FA61A00A7BD7F /* Release */,
			);
			defaultConfigurationIsVisible = 0;
			defaultConfigurationName = Release;
		};
		95401082188FA61A00A7BD7F /* Build configuration list for PBXNativeTarget "EEEInjector" */ = {
			isa = XCConfigurationList;
			buildConfigurations = (
				95401083188FA61A00A7BD7F /* Debug */,
				95401084188FA61A00A7BD7F /* Release */,
			);
			defaultConfigurationIsVisible = 0;
		};
		95401085188FA61A00A7BD7F /* Build configuration list for PBXNativeTarget "EEEInjectorTests" */ = {
			isa = XCConfigurationList;
			buildConfigurations = (
				95401086188FA61A00A7BD7F /* Debug */,
				95401087188FA61A00A7BD7F /* Release */,
			);
			defaultConfigurationIsVisible = 0;
		};
/* End XCConfigurationList section */
	};
	rootObject = 95401057188FA61A00A7BD7F /* Project object */;
}
