// !$*UTF8*$!
{
	archiveVersion = 1;
	classes = {
	};
	objectVersion = 46;
	objects = {

/* Begin PBXBuildFile section */
		95BE7AB61910EFAA004293F9 /* EEEIntrospectProperty.m in Sources */ = {isa = PBXBuildFile; fileRef = 95BE7AAD1910EFAA004293F9 /* EEEIntrospectProperty.m */; };
		95BE7AB71910EFAA004293F9 /* NSObject+EEELazyInjection.m in Sources */ = {isa = PBXBuildFile; fileRef = 95BE7AAF1910EFAA004293F9 /* NSObject+EEELazyInjection.m */; };
		95BE7AB81910EFAA004293F9 /* EEEInjector.m in Sources */ = {isa = PBXBuildFile; fileRef = 95BE7AB11910EFAA004293F9 /* EEEInjector.m */; };
		95BE7AB91910EFAA004293F9 /* EEEMapping.m in Sources */ = {isa = PBXBuildFile; fileRef = 95BE7AB51910EFAA004293F9 /* EEEMapping.m */; };
		95DD391519067F0A00C68D0B /* Foundation.framework in Frameworks */ = {isa = PBXBuildFile; fileRef = 95DD391419067F0A00C68D0B /* Foundation.framework */; };
		95DD392319067F0B00C68D0B /* XCTest.framework in Frameworks */ = {isa = PBXBuildFile; fileRef = 95DD392219067F0B00C68D0B /* XCTest.framework */; };
		95DD392419067F0B00C68D0B /* Foundation.framework in Frameworks */ = {isa = PBXBuildFile; fileRef = 95DD391419067F0A00C68D0B /* Foundation.framework */; };
		95DD392619067F0B00C68D0B /* UIKit.framework in Frameworks */ = {isa = PBXBuildFile; fileRef = 95DD392519067F0B00C68D0B /* UIKit.framework */; };
		95DD392919067F0B00C68D0B /* libInjector.a in Frameworks */ = {isa = PBXBuildFile; fileRef = 95DD391119067F0A00C68D0B /* libInjector.a */; };
		95E2BC6319C45D2600697685 /* TSTLazyInjectionCustom.m in Sources */ = {isa = PBXBuildFile; fileRef = 95E2BC6219C45D2600697685 /* TSTLazyInjectionCustom.m */; };
		AAFD08D9DCCB4B60B7C04BE1 /* libPods-InjectorTests.a in Frameworks */ = {isa = PBXBuildFile; fileRef = 898AADA697BB40A6815FFBF7 /* libPods-InjectorTests.a */; };
		E420700C2D3925131598FBBB /* EEEBackwardCompatibleMapping.m in Sources */ = {isa = PBXBuildFile; fileRef = E4207130578238DF84C49E45 /* EEEBackwardCompatibleMapping.m */; };
		E4207216CFB2D13F9D7C6AC3 /* TSTNonConformingObject.m in Sources */ = {isa = PBXBuildFile; fileRef = E4207255819B42C7DD482058 /* TSTNonConformingObject.m */; };
		E42074213FDDC8B4543E11DF /* EEEMappingSpec.m in Sources */ = {isa = PBXBuildFile; fileRef = E420720D096615F63DF7D5AA /* EEEMappingSpec.m */; };
		E4207750128AAFDA9D6CE679 /* TSTHiddenClusterObject.m in Sources */ = {isa = PBXBuildFile; fileRef = E420743259CD59DD5C2CCB38 /* TSTHiddenClusterObject.m */; };
		E4207AE03441C41D526D7F4B /* NSObject+EEELazyInjectionSpec.m in Sources */ = {isa = PBXBuildFile; fileRef = E420740F621AD50232632E30 /* NSObject+EEELazyInjectionSpec.m */; };
		E4207AFF8B42DCD4A55088D6 /* TSTLazyInjectionBase.m in Sources */ = {isa = PBXBuildFile; fileRef = E4207B0C8006C2597DFAD5BA /* TSTLazyInjectionBase.m */; };
		E4207BC48EF80E548F813B28 /* TSTVisibleClusterObject.m in Sources */ = {isa = PBXBuildFile; fileRef = E4207E2C5420CD858687C5E8 /* TSTVisibleClusterObject.m */; };
		E4207BC73D67F6637E3A99E7 /* NSObject+EEEClassClusterInjection.m in Sources */ = {isa = PBXBuildFile; fileRef = E4207BDB658823A2AD4074FC /* NSObject+EEEClassClusterInjection.m */; };
		E4207C0DFBE90B1EFCD196ED /* NSObject+EEEClassClusterInjectionSpec.m in Sources */ = {isa = PBXBuildFile; fileRef = E42076DA9C2287A801C097ED /* NSObject+EEEClassClusterInjectionSpec.m */; };
		E4207CF5F4980DFE8080373B /* TSTMappableConformingObject.m in Sources */ = {isa = PBXBuildFile; fileRef = E42073107B240D2A840E3659 /* TSTMappableConformingObject.m */; };
		E4207D2368B3940B7624171C /* TSTLazyInjectionSub.m in Sources */ = {isa = PBXBuildFile; fileRef = E4207B4BAEAB4EB9CCF7E163 /* TSTLazyInjectionSub.m */; };
/* End PBXBuildFile section */

/* Begin PBXContainerItemProxy section */
		95DD392719067F0B00C68D0B /* PBXContainerItemProxy */ = {
			isa = PBXContainerItemProxy;
			containerPortal = 95DD390919067F0A00C68D0B /* Project object */;
			proxyType = 1;
			remoteGlobalIDString = 95DD391019067F0A00C68D0B;
			remoteInfo = Injector;
		};
/* End PBXContainerItemProxy section */

/* Begin PBXCopyFilesBuildPhase section */
		95DD390F19067F0A00C68D0B /* CopyFiles */ = {
			isa = PBXCopyFilesBuildPhase;
			buildActionMask = 2147483647;
			dstPath = "include/$(PRODUCT_NAME)";
			dstSubfolderSpec = 16;
			files = (
			);
			runOnlyForDeploymentPostprocessing = 0;
		};
/* End PBXCopyFilesBuildPhase section */

/* Begin PBXFileReference section */
		898AADA697BB40A6815FFBF7 /* libPods-InjectorTests.a */ = {isa = PBXFileReference; explicitFileType = archive.ar; includeInIndex = 0; path = "libPods-InjectorTests.a"; sourceTree = BUILT_PRODUCTS_DIR; };
		95BE7AAC1910EFAA004293F9 /* EEEIntrospectProperty.h */ = {isa = PBXFileReference; fileEncoding = 4; lastKnownFileType = sourcecode.c.h; path = EEEIntrospectProperty.h; sourceTree = "<group>"; };
		95BE7AAD1910EFAA004293F9 /* EEEIntrospectProperty.m */ = {isa = PBXFileReference; fileEncoding = 4; lastKnownFileType = sourcecode.c.objc; path = EEEIntrospectProperty.m; sourceTree = "<group>"; };
		95BE7AAE1910EFAA004293F9 /* NSObject+EEELazyInjection.h */ = {isa = PBXFileReference; fileEncoding = 4; lastKnownFileType = sourcecode.c.h; path = "NSObject+EEELazyInjection.h"; sourceTree = "<group>"; };
		95BE7AAF1910EFAA004293F9 /* NSObject+EEELazyInjection.m */ = {isa = PBXFileReference; fileEncoding = 4; lastKnownFileType = sourcecode.c.objc; path = "NSObject+EEELazyInjection.m"; sourceTree = "<group>"; };
		95BE7AB01910EFAA004293F9 /* EEEInjector.h */ = {isa = PBXFileReference; fileEncoding = 4; lastKnownFileType = sourcecode.c.h; path = EEEInjector.h; sourceTree = "<group>"; };
		95BE7AB11910EFAA004293F9 /* EEEInjector.m */ = {isa = PBXFileReference; fileEncoding = 4; lastKnownFileType = sourcecode.c.objc; path = EEEInjector.m; sourceTree = "<group>"; };
		95BE7AB31910EFAA004293F9 /* EEEBlockChainMapping.h */ = {isa = PBXFileReference; fileEncoding = 4; lastKnownFileType = sourcecode.c.h; path = EEEBlockChainMapping.h; sourceTree = "<group>"; };
		95BE7AB41910EFAA004293F9 /* EEEMapping.h */ = {isa = PBXFileReference; fileEncoding = 4; lastKnownFileType = sourcecode.c.h; path = EEEMapping.h; sourceTree = "<group>"; };
		95BE7AB51910EFAA004293F9 /* EEEMapping.m */ = {isa = PBXFileReference; fileEncoding = 4; lastKnownFileType = sourcecode.c.objc; path = EEEMapping.m; sourceTree = "<group>"; };
		95DD391119067F0A00C68D0B /* libInjector.a */ = {isa = PBXFileReference; explicitFileType = archive.ar; includeInIndex = 0; path = libInjector.a; sourceTree = BUILT_PRODUCTS_DIR; };
		95DD391419067F0A00C68D0B /* Foundation.framework */ = {isa = PBXFileReference; lastKnownFileType = wrapper.framework; name = Foundation.framework; path = System/Library/Frameworks/Foundation.framework; sourceTree = SDKROOT; };
		95DD391819067F0A00C68D0B /* Injector-Prefix.pch */ = {isa = PBXFileReference; lastKnownFileType = sourcecode.c.h; path = "Injector-Prefix.pch"; sourceTree = "<group>"; };
		95DD392119067F0B00C68D0B /* InjectorTests.xctest */ = {isa = PBXFileReference; explicitFileType = wrapper.cfbundle; includeInIndex = 0; path = InjectorTests.xctest; sourceTree = BUILT_PRODUCTS_DIR; };
		95DD392219067F0B00C68D0B /* XCTest.framework */ = {isa = PBXFileReference; lastKnownFileType = wrapper.framework; name = XCTest.framework; path = Library/Frameworks/XCTest.framework; sourceTree = DEVELOPER_DIR; };
		95DD392519067F0B00C68D0B /* UIKit.framework */ = {isa = PBXFileReference; lastKnownFileType = wrapper.framework; name = UIKit.framework; path = Library/Frameworks/UIKit.framework; sourceTree = DEVELOPER_DIR; };
		95DD392C19067F0B00C68D0B /* InjectorTests-Info.plist */ = {isa = PBXFileReference; lastKnownFileType = text.plist.xml; path = "InjectorTests-Info.plist"; sourceTree = "<group>"; };
		95E2BC6119C45D2600697685 /* TSTLazyInjectionCustom.h */ = {isa = PBXFileReference; fileEncoding = 4; lastKnownFileType = sourcecode.c.h; path = TSTLazyInjectionCustom.h; sourceTree = "<group>"; };
		95E2BC6219C45D2600697685 /* TSTLazyInjectionCustom.m */ = {isa = PBXFileReference; fileEncoding = 4; lastKnownFileType = sourcecode.c.objc; path = TSTLazyInjectionCustom.m; sourceTree = "<group>"; };
		B7FD61DC809E468DBEB93756 /* Pods-InjectorTests.xcconfig */ = {isa = PBXFileReference; includeInIndex = 1; lastKnownFileType = text.xcconfig; name = "Pods-InjectorTests.xcconfig"; path = "Pods/Pods-InjectorTests.xcconfig"; sourceTree = "<group>"; };
		E42070651B14C2CECF069BC3 /* TSTHiddenClusterObject.h */ = {isa = PBXFileReference; fileEncoding = 4; lastKnownFileType = sourcecode.c.h; path = TSTHiddenClusterObject.h; sourceTree = "<group>"; };
		E4207130578238DF84C49E45 /* EEEBackwardCompatibleMapping.m */ = {isa = PBXFileReference; fileEncoding = 4; lastKnownFileType = sourcecode.c.objc; path = EEEBackwardCompatibleMapping.m; sourceTree = "<group>"; };
		E420720D096615F63DF7D5AA /* EEEMappingSpec.m */ = {isa = PBXFileReference; fileEncoding = 4; lastKnownFileType = sourcecode.c.objc; path = EEEMappingSpec.m; sourceTree = "<group>"; };
		E4207255819B42C7DD482058 /* TSTNonConformingObject.m */ = {isa = PBXFileReference; fileEncoding = 4; lastKnownFileType = sourcecode.c.objc; path = TSTNonConformingObject.m; sourceTree = "<group>"; };
		E42073107B240D2A840E3659 /* TSTMappableConformingObject.m */ = {isa = PBXFileReference; fileEncoding = 4; lastKnownFileType = sourcecode.c.objc; path = TSTMappableConformingObject.m; sourceTree = "<group>"; };
		E4207389D5033EE59E6D300C /* NSObject+EEEClassClusterInjection.h */ = {isa = PBXFileReference; fileEncoding = 4; lastKnownFileType = sourcecode.c.h; path = "NSObject+EEEClassClusterInjection.h"; sourceTree = "<group>"; };
		E420740F621AD50232632E30 /* NSObject+EEELazyInjectionSpec.m */ = {isa = PBXFileReference; fileEncoding = 4; lastKnownFileType = sourcecode.c.objc; path = "NSObject+EEELazyInjectionSpec.m"; sourceTree = "<group>"; };
		E420743259CD59DD5C2CCB38 /* TSTHiddenClusterObject.m */ = {isa = PBXFileReference; fileEncoding = 4; lastKnownFileType = sourcecode.c.objc; path = TSTHiddenClusterObject.m; sourceTree = "<group>"; };
		E42076DA9C2287A801C097ED /* NSObject+EEEClassClusterInjectionSpec.m */ = {isa = PBXFileReference; fileEncoding = 4; lastKnownFileType = sourcecode.c.objc; path = "NSObject+EEEClassClusterInjectionSpec.m"; sourceTree = "<group>"; };
		E420783B2D454E31904B329F /* TSTLazyInjectionSub.h */ = {isa = PBXFileReference; fileEncoding = 4; lastKnownFileType = sourcecode.c.h; path = TSTLazyInjectionSub.h; sourceTree = "<group>"; };
		E42078C92377B18D56D4122C /* TSTVisibleClusterObject.h */ = {isa = PBXFileReference; fileEncoding = 4; lastKnownFileType = sourcecode.c.h; path = TSTVisibleClusterObject.h; sourceTree = "<group>"; };
		E42079599C40C16B8FD37454 /* TSTNonConformingObject.h */ = {isa = PBXFileReference; fileEncoding = 4; lastKnownFileType = sourcecode.c.h; path = TSTNonConformingObject.h; sourceTree = "<group>"; };
		E4207B0C8006C2597DFAD5BA /* TSTLazyInjectionBase.m */ = {isa = PBXFileReference; fileEncoding = 4; lastKnownFileType = sourcecode.c.objc; path = TSTLazyInjectionBase.m; sourceTree = "<group>"; };
		E4207B4BAEAB4EB9CCF7E163 /* TSTLazyInjectionSub.m */ = {isa = PBXFileReference; fileEncoding = 4; lastKnownFileType = sourcecode.c.objc; path = TSTLazyInjectionSub.m; sourceTree = "<group>"; };
		E4207BDB658823A2AD4074FC /* NSObject+EEEClassClusterInjection.m */ = {isa = PBXFileReference; fileEncoding = 4; lastKnownFileType = sourcecode.c.objc; path = "NSObject+EEEClassClusterInjection.m"; sourceTree = "<group>"; };
		E4207C2778031A93C8973376 /* TSTMappableConformingObject.h */ = {isa = PBXFileReference; fileEncoding = 4; lastKnownFileType = sourcecode.c.h; path = TSTMappableConformingObject.h; sourceTree = "<group>"; };
		E4207DC2A2A3402DC43F5455 /* TSTLazyInjectionBase.h */ = {isa = PBXFileReference; fileEncoding = 4; lastKnownFileType = sourcecode.c.h; path = TSTLazyInjectionBase.h; sourceTree = "<group>"; };
		E4207DCB3A5E5FE83B67AAFB /* EEEBackwardCompatibleMapping.h */ = {isa = PBXFileReference; fileEncoding = 4; lastKnownFileType = sourcecode.c.h; path = EEEBackwardCompatibleMapping.h; sourceTree = "<group>"; };
		E4207E2C5420CD858687C5E8 /* TSTVisibleClusterObject.m */ = {isa = PBXFileReference; fileEncoding = 4; lastKnownFileType = sourcecode.c.objc; path = TSTVisibleClusterObject.m; sourceTree = "<group>"; };
		E4207F6A7B3FB53F08595018 /* TSTMappable.h */ = {isa = PBXFileReference; fileEncoding = 4; lastKnownFileType = sourcecode.c.h; path = TSTMappable.h; sourceTree = "<group>"; };
/* End PBXFileReference section */

/* Begin PBXFrameworksBuildPhase section */
		95DD390E19067F0A00C68D0B /* Frameworks */ = {
			isa = PBXFrameworksBuildPhase;
			buildActionMask = 2147483647;
			files = (
				95DD391519067F0A00C68D0B /* Foundation.framework in Frameworks */,
			);
			runOnlyForDeploymentPostprocessing = 0;
		};
		95DD391E19067F0B00C68D0B /* Frameworks */ = {
			isa = PBXFrameworksBuildPhase;
			buildActionMask = 2147483647;
			files = (
				95DD392319067F0B00C68D0B /* XCTest.framework in Frameworks */,
				95DD392919067F0B00C68D0B /* libInjector.a in Frameworks */,
				95DD392619067F0B00C68D0B /* UIKit.framework in Frameworks */,
				95DD392419067F0B00C68D0B /* Foundation.framework in Frameworks */,
				AAFD08D9DCCB4B60B7C04BE1 /* libPods-InjectorTests.a in Frameworks */,
			);
			runOnlyForDeploymentPostprocessing = 0;
		};
/* End PBXFrameworksBuildPhase section */

/* Begin PBXGroup section */
		95BE7AAA1910EFAA004293F9 /* Classes */ = {
			isa = PBXGroup;
			children = (
				95BE7AAB1910EFAA004293F9 /* Dynamic property injection */,
				95BE7AB21910EFAA004293F9 /* Injection mapping */,
				E42073D9A4D8A61DA1760060 /* Backward compatibility */,
				95BE7AB01910EFAA004293F9 /* EEEInjector.h */,
				95BE7AB11910EFAA004293F9 /* EEEInjector.m */,
				E4207F6ED678DDE3DF06B93B /* Class cluster injection */,
			);
			path = Classes;
			sourceTree = "<group>";
		};
		95BE7AAB1910EFAA004293F9 /* Dynamic property injection */ = {
			isa = PBXGroup;
			children = (
				95BE7AAC1910EFAA004293F9 /* EEEIntrospectProperty.h */,
				95BE7AAD1910EFAA004293F9 /* EEEIntrospectProperty.m */,
				95BE7AAE1910EFAA004293F9 /* NSObject+EEELazyInjection.h */,
				95BE7AAF1910EFAA004293F9 /* NSObject+EEELazyInjection.m */,
			);
			path = "Dynamic property injection";
			sourceTree = "<group>";
		};
		95BE7AB21910EFAA004293F9 /* Injection mapping */ = {
			isa = PBXGroup;
			children = (
				95BE7AB31910EFAA004293F9 /* EEEBlockChainMapping.h */,
				95BE7AB41910EFAA004293F9 /* EEEMapping.h */,
				95BE7AB51910EFAA004293F9 /* EEEMapping.m */,
			);
			path = "Injection mapping";
			sourceTree = "<group>";
		};
		95DD390819067F0A00C68D0B = {
			isa = PBXGroup;
			children = (
				95BE7AAA1910EFAA004293F9 /* Classes */,
				95DD391619067F0A00C68D0B /* Injector */,
				95DD392A19067F0B00C68D0B /* InjectorTests */,
				95DD391319067F0A00C68D0B /* Frameworks */,
				95DD391219067F0A00C68D0B /* Products */,
				B7FD61DC809E468DBEB93756 /* Pods-InjectorTests.xcconfig */,
			);
			sourceTree = "<group>";
		};
		95DD391219067F0A00C68D0B /* Products */ = {
			isa = PBXGroup;
			children = (
				95DD391119067F0A00C68D0B /* libInjector.a */,
				95DD392119067F0B00C68D0B /* InjectorTests.xctest */,
			);
			name = Products;
			sourceTree = "<group>";
		};
		95DD391319067F0A00C68D0B /* Frameworks */ = {
			isa = PBXGroup;
			children = (
				95DD391419067F0A00C68D0B /* Foundation.framework */,
				95DD392219067F0B00C68D0B /* XCTest.framework */,
				95DD392519067F0B00C68D0B /* UIKit.framework */,
				898AADA697BB40A6815FFBF7 /* libPods-InjectorTests.a */,
			);
			name = Frameworks;
			sourceTree = "<group>";
		};
		95DD391619067F0A00C68D0B /* Injector */ = {
			isa = PBXGroup;
			children = (
				95DD391719067F0A00C68D0B /* Supporting Files */,
			);
			path = Injector;
			sourceTree = "<group>";
		};
		95DD391719067F0A00C68D0B /* Supporting Files */ = {
			isa = PBXGroup;
			children = (
				95DD391819067F0A00C68D0B /* Injector-Prefix.pch */,
			);
			name = "Supporting Files";
			sourceTree = "<group>";
		};
		95DD392A19067F0B00C68D0B /* InjectorTests */ = {
			isa = PBXGroup;
			children = (
				95DD39611906800300C68D0B /* Specs */,
				95DD392B19067F0B00C68D0B /* Supporting Files */,
			);
			path = InjectorTests;
			sourceTree = "<group>";
		};
		95DD392B19067F0B00C68D0B /* Supporting Files */ = {
			isa = PBXGroup;
			children = (
				95DD392C19067F0B00C68D0B /* InjectorTests-Info.plist */,
			);
			name = "Supporting Files";
			sourceTree = "<group>";
		};
		95DD39611906800300C68D0B /* Specs */ = {
			isa = PBXGroup;
			children = (
				E42076D2C6D9FB853194053E /* Lazy injection */,
				E42074327256A27606AFC73E /* Injection mapping */,
				E4207C007D90194A5DFEE882 /* Class cluster injection */,
			);
			path = Specs;
			sourceTree = "<group>";
		};
		E42073D9A4D8A61DA1760060 /* Backward compatibility */ = {
			isa = PBXGroup;
			children = (
				E4207DCB3A5E5FE83B67AAFB /* EEEBackwardCompatibleMapping.h */,
				E4207130578238DF84C49E45 /* EEEBackwardCompatibleMapping.m */,
			);
			path = "Backward compatibility";
			sourceTree = "<group>";
		};
		E42074327256A27606AFC73E /* Injection mapping */ = {
			isa = PBXGroup;
			children = (
				E420720D096615F63DF7D5AA /* EEEMappingSpec.m */,
				E4207F6A7B3FB53F08595018 /* TSTMappable.h */,
				E42073107B240D2A840E3659 /* TSTMappableConformingObject.m */,
				E4207C2778031A93C8973376 /* TSTMappableConformingObject.h */,
				E42079599C40C16B8FD37454 /* TSTNonConformingObject.h */,
				E4207255819B42C7DD482058 /* TSTNonConformingObject.m */,
			);
			path = "Injection mapping";
			sourceTree = "<group>";
		};
		E42076D2C6D9FB853194053E /* Lazy injection */ = {
			isa = PBXGroup;
			children = (
				E420783B2D454E31904B329F /* TSTLazyInjectionSub.h */,
				E4207B4BAEAB4EB9CCF7E163 /* TSTLazyInjectionSub.m */,
				E4207DC2A2A3402DC43F5455 /* TSTLazyInjectionBase.h */,
				E4207B0C8006C2597DFAD5BA /* TSTLazyInjectionBase.m */,
				95E2BC6119C45D2600697685 /* TSTLazyInjectionCustom.h */,
				95E2BC6219C45D2600697685 /* TSTLazyInjectionCustom.m */,
				E420740F621AD50232632E30 /* NSObject+EEELazyInjectionSpec.m */,
			);
			path = "Lazy injection";
			sourceTree = "<group>";
		};
		E4207C007D90194A5DFEE882 /* Class cluster injection */ = {
			isa = PBXGroup;
			children = (
				E4207E2C5420CD858687C5E8 /* TSTVisibleClusterObject.m */,
				E42078C92377B18D56D4122C /* TSTVisibleClusterObject.h */,
				E420743259CD59DD5C2CCB38 /* TSTHiddenClusterObject.m */,
				E42070651B14C2CECF069BC3 /* TSTHiddenClusterObject.h */,
				E42076DA9C2287A801C097ED /* NSObject+EEEClassClusterInjectionSpec.m */,
			);
			path = "Class cluster injection";
			sourceTree = "<group>";
		};
		E4207F6ED678DDE3DF06B93B /* Class cluster injection */ = {
			isa = PBXGroup;
			children = (
				E4207BDB658823A2AD4074FC /* NSObject+EEEClassClusterInjection.m */,
				E4207389D5033EE59E6D300C /* NSObject+EEEClassClusterInjection.h */,
			);
			path = "Class cluster injection";
			sourceTree = "<group>";
		};
/* End PBXGroup section */

/* Begin PBXNativeTarget section */
		95DD391019067F0A00C68D0B /* Injector */ = {
			isa = PBXNativeTarget;
			buildConfigurationList = 95DD393419067F0B00C68D0B /* Build configuration list for PBXNativeTarget "Injector" */;
			buildPhases = (
				95DD390D19067F0A00C68D0B /* Sources */,
				95DD390E19067F0A00C68D0B /* Frameworks */,
				95DD390F19067F0A00C68D0B /* CopyFiles */,
				956CEB3E190F172300668343 /* ShellScript */,
			);
			buildRules = (
			);
			dependencies = (
			);
			name = Injector;
			productName = Injector;
			productReference = 95DD391119067F0A00C68D0B /* libInjector.a */;
			productType = "com.apple.product-type.library.static";
		};
		95DD392019067F0B00C68D0B /* InjectorTests */ = {
			isa = PBXNativeTarget;
			buildConfigurationList = 95DD393719067F0B00C68D0B /* Build configuration list for PBXNativeTarget "InjectorTests" */;
			buildPhases = (
				77B98E46A223401B9DE95EE2 /* Check Pods Manifest.lock */,
				95DD391D19067F0B00C68D0B /* Sources */,
				95DD391E19067F0B00C68D0B /* Frameworks */,
				95DD391F19067F0B00C68D0B /* Resources */,
				A4698B2B5EE54B3E9BCF3C4F /* Copy Pods Resources */,
			);
			buildRules = (
			);
			dependencies = (
				95DD392819067F0B00C68D0B /* PBXTargetDependency */,
			);
			name = InjectorTests;
			productName = InjectorTests;
			productReference = 95DD392119067F0B00C68D0B /* InjectorTests.xctest */;
			productType = "com.apple.product-type.bundle.unit-test";
		};
/* End PBXNativeTarget section */

/* Begin PBXProject section */
		95DD390919067F0A00C68D0B /* Project object */ = {
			isa = PBXProject;
			attributes = {
				LastUpgradeCheck = 0510;
				ORGANIZATIONNAME = epologee;
				TargetAttributes = {
					95DD392019067F0B00C68D0B = {
						TestTargetID = 95DD391019067F0A00C68D0B;
					};
				};
			};
			buildConfigurationList = 95DD390C19067F0A00C68D0B /* Build configuration list for PBXProject "Injector" */;
			compatibilityVersion = "Xcode 3.2";
			developmentRegion = English;
			hasScannedForEncodings = 0;
			knownRegions = (
				en,
			);
			mainGroup = 95DD390819067F0A00C68D0B;
			productRefGroup = 95DD391219067F0A00C68D0B /* Products */;
			projectDirPath = "";
			projectRoot = "";
			targets = (
				95DD391019067F0A00C68D0B /* Injector */,
				95DD392019067F0B00C68D0B /* InjectorTests */,
			);
		};
/* End PBXProject section */

/* Begin PBXResourcesBuildPhase section */
		95DD391F19067F0B00C68D0B /* Resources */ = {
			isa = PBXResourcesBuildPhase;
			buildActionMask = 2147483647;
			files = (
			);
			runOnlyForDeploymentPostprocessing = 0;
		};
/* End PBXResourcesBuildPhase section */

/* Begin PBXShellScriptBuildPhase section */
		77B98E46A223401B9DE95EE2 /* Check Pods Manifest.lock */ = {
			isa = PBXShellScriptBuildPhase;
			buildActionMask = 2147483647;
			files = (
			);
			inputPaths = (
			);
			name = "Check Pods Manifest.lock";
			outputPaths = (
			);
			runOnlyForDeploymentPostprocessing = 0;
			shellPath = /bin/sh;
			shellScript = "diff \"${PODS_ROOT}/../Podfile.lock\" \"${PODS_ROOT}/Manifest.lock\" > /dev/null\nif [[ $? != 0 ]] ; then\n    cat << EOM\nerror: The sandbox is not in sync with the Podfile.lock. Run 'pod install' or update your CocoaPods installation.\nEOM\n    exit 1\nfi\n";
			showEnvVarsInLog = 0;
		};
		956CEB3E190F172300668343 /* ShellScript */ = {
			isa = PBXShellScriptBuildPhase;
			buildActionMask = 2147483647;
			files = (
			);
			inputPaths = (
			);
			outputPaths = (
			);
			runOnlyForDeploymentPostprocessing = 0;
			shellPath = /bin/sh;
			shellScript = "XcodeCoverage/exportenv.sh\n";
		};
		A4698B2B5EE54B3E9BCF3C4F /* Copy Pods Resources */ = {
			isa = PBXShellScriptBuildPhase;
			buildActionMask = 2147483647;
			files = (
			);
			inputPaths = (
			);
			name = "Copy Pods Resources";
			outputPaths = (
			);
			runOnlyForDeploymentPostprocessing = 0;
			shellPath = /bin/sh;
			shellScript = "\"${SRCROOT}/Pods/Pods-InjectorTests-resources.sh\"\n";
			showEnvVarsInLog = 0;
		};
/* End PBXShellScriptBuildPhase section */

/* Begin PBXSourcesBuildPhase section */
		95DD390D19067F0A00C68D0B /* Sources */ = {
			isa = PBXSourcesBuildPhase;
			buildActionMask = 2147483647;
			files = (
				95BE7AB61910EFAA004293F9 /* EEEIntrospectProperty.m in Sources */,
				95BE7AB81910EFAA004293F9 /* EEEInjector.m in Sources */,
				95BE7AB91910EFAA004293F9 /* EEEMapping.m in Sources */,
				95BE7AB71910EFAA004293F9 /* NSObject+EEELazyInjection.m in Sources */,
				E420700C2D3925131598FBBB /* EEEBackwardCompatibleMapping.m in Sources */,
				E4207BC73D67F6637E3A99E7 /* NSObject+EEEClassClusterInjection.m in Sources */,
			);
			runOnlyForDeploymentPostprocessing = 0;
		};
		95DD391D19067F0B00C68D0B /* Sources */ = {
			isa = PBXSourcesBuildPhase;
			buildActionMask = 2147483647;
			files = (
				E4207D2368B3940B7624171C /* TSTLazyInjectionSub.m in Sources */,
				E4207AFF8B42DCD4A55088D6 /* TSTLazyInjectionBase.m in Sources */,
				E4207AE03441C41D526D7F4B /* NSObject+EEELazyInjectionSpec.m in Sources */,
				95E2BC6319C45D2600697685 /* TSTLazyInjectionCustom.m in Sources */,
				E42074213FDDC8B4543E11DF /* EEEMappingSpec.m in Sources */,
				E4207CF5F4980DFE8080373B /* TSTMappableConformingObject.m in Sources */,
				E4207216CFB2D13F9D7C6AC3 /* TSTNonConformingObject.m in Sources */,
				E4207BC48EF80E548F813B28 /* TSTVisibleClusterObject.m in Sources */,
				E4207750128AAFDA9D6CE679 /* TSTHiddenClusterObject.m in Sources */,
				E4207C0DFBE90B1EFCD196ED /* NSObject+EEEClassClusterInjectionSpec.m in Sources */,
			);
			runOnlyForDeploymentPostprocessing = 0;
		};
/* End PBXSourcesBuildPhase section */

/* Begin PBXTargetDependency section */
		95DD392819067F0B00C68D0B /* PBXTargetDependency */ = {
			isa = PBXTargetDependency;
			target = 95DD391019067F0A00C68D0B /* Injector */;
			targetProxy = 95DD392719067F0B00C68D0B /* PBXContainerItemProxy */;
		};
/* End PBXTargetDependency section */

/* Begin XCBuildConfiguration section */
		95DD393219067F0B00C68D0B /* Debug */ = {
			isa = XCBuildConfiguration;
			buildSettings = {
				ALWAYS_SEARCH_USER_PATHS = NO;
				CLANG_CXX_LANGUAGE_STANDARD = "gnu++0x";
				CLANG_CXX_LIBRARY = "libc++";
				CLANG_ENABLE_MODULES = YES;
				CLANG_ENABLE_OBJC_ARC = YES;
				CLANG_WARN_BOOL_CONVERSION = YES;
				CLANG_WARN_CONSTANT_CONVERSION = YES;
				CLANG_WARN_DIRECT_OBJC_ISA_USAGE = YES_ERROR;
				CLANG_WARN_EMPTY_BODY = YES;
				CLANG_WARN_ENUM_CONVERSION = YES;
				CLANG_WARN_INT_CONVERSION = YES;
				CLANG_WARN_OBJC_ROOT_CLASS = YES_ERROR;
				CLANG_WARN__DUPLICATE_METHOD_MATCH = YES;
				COPY_PHASE_STRIP = NO;
				GCC_C_LANGUAGE_STANDARD = gnu99;
				GCC_DYNAMIC_NO_PIC = NO;
				GCC_GENERATE_TEST_COVERAGE_FILES = YES;
				GCC_INSTRUMENT_PROGRAM_FLOW_ARCS = YES;
				GCC_OPTIMIZATION_LEVEL = 0;
				GCC_PREPROCESSOR_DEFINITIONS = (
					"DEBUG=1",
					"$(inherited)",
				);
				GCC_SYMBOLS_PRIVATE_EXTERN = NO;
				GCC_WARN_64_TO_32_BIT_CONVERSION = YES;
				GCC_WARN_ABOUT_RETURN_TYPE = YES_ERROR;
				GCC_WARN_UNDECLARED_SELECTOR = YES;
				GCC_WARN_UNINITIALIZED_AUTOS = YES_AGGRESSIVE;
				GCC_WARN_UNUSED_FUNCTION = YES;
				GCC_WARN_UNUSED_VARIABLE = YES;
				IPHONEOS_DEPLOYMENT_TARGET = 7.1;
				ONLY_ACTIVE_ARCH = YES;
				SDKROOT = iphoneos;
			};
			name = Debug;
		};
		95DD393319067F0B00C68D0B /* Release */ = {
			isa = XCBuildConfiguration;
			buildSettings = {
				ALWAYS_SEARCH_USER_PATHS = NO;
				CLANG_CXX_LANGUAGE_STANDARD = "gnu++0x";
				CLANG_CXX_LIBRARY = "libc++";
				CLANG_ENABLE_MODULES = YES;
				CLANG_ENABLE_OBJC_ARC = YES;
				CLANG_WARN_BOOL_CONVERSION = YES;
				CLANG_WARN_CONSTANT_CONVERSION = YES;
				CLANG_WARN_DIRECT_OBJC_ISA_USAGE = YES_ERROR;
				CLANG_WARN_EMPTY_BODY = YES;
				CLANG_WARN_ENUM_CONVERSION = YES;
				CLANG_WARN_INT_CONVERSION = YES;
				CLANG_WARN_OBJC_ROOT_CLASS = YES_ERROR;
				CLANG_WARN__DUPLICATE_METHOD_MATCH = YES;
				COPY_PHASE_STRIP = YES;
				ENABLE_NS_ASSERTIONS = NO;
				GCC_C_LANGUAGE_STANDARD = gnu99;
				GCC_WARN_64_TO_32_BIT_CONVERSION = YES;
				GCC_WARN_ABOUT_RETURN_TYPE = YES_ERROR;
				GCC_WARN_UNDECLARED_SELECTOR = YES;
				GCC_WARN_UNINITIALIZED_AUTOS = YES_AGGRESSIVE;
				GCC_WARN_UNUSED_FUNCTION = YES;
				GCC_WARN_UNUSED_VARIABLE = YES;
				IPHONEOS_DEPLOYMENT_TARGET = 7.1;
				SDKROOT = iphoneos;
				VALIDATE_PRODUCT = YES;
			};
			name = Release;
		};
		95DD393519067F0B00C68D0B /* Debug */ = {
			isa = XCBuildConfiguration;
			buildSettings = {
				DSTROOT = /tmp/Injector.dst;
				GCC_PRECOMPILE_PREFIX_HEADER = YES;
				GCC_PREFIX_HEADER = "Injector/Injector-Prefix.pch";
				OTHER_LDFLAGS = "-ObjC";
				PRODUCT_NAME = "$(TARGET_NAME)";
				SKIP_INSTALL = YES;
			};
			name = Debug;
		};
		95DD393619067F0B00C68D0B /* Release */ = {
			isa = XCBuildConfiguration;
			buildSettings = {
				DSTROOT = /tmp/Injector.dst;
				GCC_PRECOMPILE_PREFIX_HEADER = YES;
				GCC_PREFIX_HEADER = "Injector/Injector-Prefix.pch";
				OTHER_LDFLAGS = "-ObjC";
				PRODUCT_NAME = "$(TARGET_NAME)";
				SKIP_INSTALL = YES;
			};
			name = Release;
		};
		95DD393819067F0B00C68D0B /* Debug */ = {
			isa = XCBuildConfiguration;
			baseConfigurationReference = B7FD61DC809E468DBEB93756 /* Pods-InjectorTests.xcconfig */;
			buildSettings = {
				FRAMEWORK_SEARCH_PATHS = (
					"$(SDKROOT)/Developer/Library/Frameworks",
					"$(inherited)",
					"$(DEVELOPER_FRAMEWORKS_DIR)",
				);
				GCC_PRECOMPILE_PREFIX_HEADER = YES;
				GCC_PREFIX_HEADER = "Injector/Injector-Prefix.pch";
				GCC_PREPROCESSOR_DEFINITIONS = (
					"DEBUG=1",
					"$(inherited)",
				);
				INFOPLIST_FILE = "InjectorTests/InjectorTests-Info.plist";
				PRODUCT_NAME = "$(TARGET_NAME)";
				WRAPPER_EXTENSION = xctest;
			};
			name = Debug;
		};
		95DD393919067F0B00C68D0B /* Release */ = {
			isa = XCBuildConfiguration;
			baseConfigurationReference = B7FD61DC809E468DBEB93756 /* Pods-InjectorTests.xcconfig */;
			buildSettings = {
				FRAMEWORK_SEARCH_PATHS = (
					"$(SDKROOT)/Developer/Library/Frameworks",
					"$(inherited)",
					"$(DEVELOPER_FRAMEWORKS_DIR)",
				);
				GCC_PRECOMPILE_PREFIX_HEADER = YES;
				GCC_PREFIX_HEADER = "Injector/Injector-Prefix.pch";
				INFOPLIST_FILE = "InjectorTests/InjectorTests-Info.plist";
				PRODUCT_NAME = "$(TARGET_NAME)";
				WRAPPER_EXTENSION = xctest;
			};
			name = Release;
		};
/* End XCBuildConfiguration section */

/* Begin XCConfigurationList section */
		95DD390C19067F0A00C68D0B /* Build configuration list for PBXProject "Injector" */ = {
			isa = XCConfigurationList;
			buildConfigurations = (
				95DD393219067F0B00C68D0B /* Debug */,
				95DD393319067F0B00C68D0B /* Release */,
			);
			defaultConfigurationIsVisible = 0;
			defaultConfigurationName = Release;
		};
		95DD393419067F0B00C68D0B /* Build configuration list for PBXNativeTarget "Injector" */ = {
			isa = XCConfigurationList;
			buildConfigurations = (
				95DD393519067F0B00C68D0B /* Debug */,
				95DD393619067F0B00C68D0B /* Release */,
			);
			defaultConfigurationIsVisible = 0;
			defaultConfigurationName = Release;
		};
		95DD393719067F0B00C68D0B /* Build configuration list for PBXNativeTarget "InjectorTests" */ = {
			isa = XCConfigurationList;
			buildConfigurations = (
				95DD393819067F0B00C68D0B /* Debug */,
				95DD393919067F0B00C68D0B /* Release */,
			);
			defaultConfigurationIsVisible = 0;
			defaultConfigurationName = Release;
		};
/* End XCConfigurationList section */
	};
	rootObject = 95DD390919067F0A00C68D0B /* Project object */;
}
